// !$*UTF8*$!
{
	archiveVersion = 1;
	classes = {
	};
	objectVersion = 77;
	objects = {

/* Begin PBXBuildFile section */
		0D21DAC89D867E3EB6E74DFD /* PSCard.swift in Sources */ = {isa = PBXBuildFile; fileRef = 14C9095CC4988578C90F000C /* PSCard.swift */; };
		14B0F60B45F2D68848F511EF /* WatchSessionManager.swift in Sources */ = {isa = PBXBuildFile; fileRef = D781730BCEDD3158AB713975 /* WatchSessionManager.swift */; };
		15A8DDEC3C62DF529C4ED72E /* PulseWatchWidgets.appex in Embed Foundation Extensions */ = {isa = PBXBuildFile; fileRef = 0405A3882AE55FA28CB4FEA7 /* PulseWatchWidgets.appex */; settings = {ATTRIBUTES = (RemoveHeadersOnCopy, ); }; };
		16875E44B5FDDBFB8155C6FC /* TranslationSettingsView.swift in Sources */ = {isa = PBXBuildFile; fileRef = 074A54C7F7A0F3C9C3C50423 /* TranslationSettingsView.swift */; };
		19DF5F1B9A565596C89D9FB3 /* HistoryDetailView.swift in Sources */ = {isa = PBXBuildFile; fileRef = 73AE1E80F5729A55FED67C05 /* HistoryDetailView.swift */; };
		1DAED3A7021E31C6A63E2693 /* MetricTile.swift in Sources */ = {isa = PBXBuildFile; fileRef = B53EE25454C6849FC058934B /* MetricTile.swift */; };
		24C66624CCAFE5B675979021 /* PulseRing.swift in Sources */ = {isa = PBXBuildFile; fileRef = 5D58FF5DF89E2161D951DF1A /* PulseRing.swift */; };
		2B6434E400F64A228DE923EB /* HomeViewModel.swift in Sources */ = {isa = PBXBuildFile; fileRef = 69DBD08C32085CC637A1F35C /* HomeViewModel.swift */; };
		2E13F6007A8F7449A8CFCC89 /* VerseView.swift in Sources */ = {isa = PBXBuildFile; fileRef = 3EABAF7E9F79AF4B72252E40 /* VerseView.swift */; };
		3486367464537B6192F7C2AF /* PulseApp.swift in Sources */ = {isa = PBXBuildFile; fileRef = 0AEE9CD05DD0A6FAA15E6014 /* PulseApp.swift */; };
		3A8F65C6B42C3D6AE0118D32 /* PulseWatchApp.swift in Sources */ = {isa = PBXBuildFile; fileRef = F76E0B0971A3D5FFE79D25DD /* PulseWatchApp.swift */; };
		3ADA9E9BB62E2F868A936DC4 /* HomeView.swift in Sources */ = {isa = PBXBuildFile; fileRef = C0D1390EE653F2D9B57F24AA /* HomeView.swift */; };
		3C2325F3D5E37522A7B82A03 /* MockHealthProvider.swift in Sources */ = {isa = PBXBuildFile; fileRef = A407568C5689F0F6FD2FEC9A /* MockHealthProvider.swift */; };
		3F0A6D3439C8900AF8F84A9A /* PrayerView.swift in Sources */ = {isa = PBXBuildFile; fileRef = 3F60F6AA95CD6BBACC401AD7 /* PrayerView.swift */; };
		43E02C8449DDB3CE6793AB01 /* PhoneSessionManager.swift in Sources */ = {isa = PBXBuildFile; fileRef = A6BA81F9947113A4B58D4E49 /* PhoneSessionManager.swift */; };
		45A99CE20E14662637AA8D84 /* PulseWatch.app in Embed Watch Content */ = {isa = PBXBuildFile; fileRef = 658BC99EE552C7E68CBA5EB8 /* PulseWatch.app */; settings = {ATTRIBUTES = (RemoveHeadersOnCopy, ); }; };
		4D873A7FAEF0992A95998A01 /* RecentVersesRow.swift in Sources */ = {isa = PBXBuildFile; fileRef = 3E451C341D0BF1CEB115F0D7 /* RecentVersesRow.swift */; };
		5647EB4F9B143A99D0BB77FC /* VerseCache.swift in Sources */ = {isa = PBXBuildFile; fileRef = 1E0CFBDDC4B6C4C6F19905F6 /* VerseCache.swift */; };
		5CDE9C6CC2063D3CDB8E8003 /* OnboardingFlow.swift in Sources */ = {isa = PBXBuildFile; fileRef = 5414380F98EE676E0E738DBC /* OnboardingFlow.swift */; };
		5EA0DBA1B4A3099A6B9440AE /* MainView.swift in Sources */ = {isa = PBXBuildFile; fileRef = 49CAB3507692A5788EDD021C /* MainView.swift */; };
		616B1E15A99B07B4D65A228F /* Assets.xcassets in Resources */ = {isa = PBXBuildFile; fileRef = 82CA4B8BDC045C16F231C4E3 /* Assets.xcassets */; };
		672281484653F484B7D5F4B4 /* ComplicationViews.swift in Sources */ = {isa = PBXBuildFile; fileRef = 6CE835BAE6930E844D27B668 /* ComplicationViews.swift */; };
		6829FB7CA37E1495674B8868 /* TranslationPickerView.swift in Sources */ = {isa = PBXBuildFile; fileRef = A29420104715BCC04A18ED13 /* TranslationPickerView.swift */; };
		6F8E2CCEBE48A5FA07DEDB0E /* PulseShared in Frameworks */ = {isa = PBXBuildFile; productRef = 6739340A4C8FE95D8C5694BE /* PulseShared */; };
		7739364B0145E07B71DC6FBA /* Assets.xcassets in Resources */ = {isa = PBXBuildFile; fileRef = 684C717B6F893FC2FA946CD4 /* Assets.xcassets */; };
		78C6122344747E555A5DF17A /* SettingsView.swift in Sources */ = {isa = PBXBuildFile; fileRef = D0AE5E25194558D68B33915D /* SettingsView.swift */; };
		8040CE25D98384C6828816C2 /* DeliveryScheduler.swift in Sources */ = {isa = PBXBuildFile; fileRef = 282AC598C18A98F698CFAD2E /* DeliveryScheduler.swift */; };
		81E6C11A1FE2FE2C8126D95A /* ScriptureEngine.swift in Sources */ = {isa = PBXBuildFile; fileRef = 8955765F322AB6B8869FBBD2 /* ScriptureEngine.swift */; };
		84A2F60B3521417E25F1CEB8 /* AppConfig.swift in Sources */ = {isa = PBXBuildFile; fileRef = E7059FABA65645A103CAF056 /* AppConfig.swift */; };
		857E8E850DF155A4D22DB125 /* Assets.xcassets in Resources */ = {isa = PBXBuildFile; fileRef = 6F083BA414BA913FD2B9FA6D /* Assets.xcassets */; };
		89D3B6B6CB8C6DAC31EBCEC4 /* HistoryView.swift in Sources */ = {isa = PBXBuildFile; fileRef = DBBB7FDB243B4CA672E7FF03 /* HistoryView.swift */; };
		8C516DA412FFF75038F61FF3 /* PulseSchema.swift in Sources */ = {isa = PBXBuildFile; fileRef = 935401AC9AF178CA8A14AB97 /* PulseSchema.swift */; };
		90A3E45D156D49DCBD18CF2E /* VerseDetailSheet.swift in Sources */ = {isa = PBXBuildFile; fileRef = 29FA64B0180D4CDBFC838B54 /* VerseDetailSheet.swift */; };
		94B8EC034C1765D77212F1DC /* HistoryViewModel.swift in Sources */ = {isa = PBXBuildFile; fileRef = 61351325E55F640F3125EDCC /* HistoryViewModel.swift */; };
		9C912D3251EAAD0C45AEC7E0 /* WatchAppDelegate.swift in Sources */ = {isa = PBXBuildFile; fileRef = E57CC045AC727642E42EE5DB /* WatchAppDelegate.swift */; };
		9E7FC8D4372D7D6477B1E1CE /* AppDelegate.swift in Sources */ = {isa = PBXBuildFile; fileRef = B7045A0EAF2A362DBDC67DCA /* AppDelegate.swift */; };
		A5C54ADE0C5514A00DA4DCFA /* HealthEngine.swift in Sources */ = {isa = PBXBuildFile; fileRef = 5FCEE7A5CD3B4DDFF21B1DEF /* HealthEngine.swift */; };
		A9F3479015B3DD98808FCAB4 /* NotificationService.swift in Sources */ = {isa = PBXBuildFile; fileRef = DD88FD056C666BFB9ADEFDBC /* NotificationService.swift */; };
		AC191A0C8B96CED95DD6B014 /* VerseTextView.swift in Sources */ = {isa = PBXBuildFile; fileRef = BE0124814F82ED74D90B98DF /* VerseTextView.swift */; };
		AD59AF35E363B7CD0D9C7A73 /* MetricsGridView.swift in Sources */ = {isa = PBXBuildFile; fileRef = 1461D6EBAE5EEE1FEFAA43C2 /* MetricsGridView.swift */; };
		B01C22C285F9E458C70B993F /* PulseShared in Frameworks */ = {isa = PBXBuildFile; productRef = A4B6B95425B67549673F84A3 /* PulseShared */; };
		B20FA01CD469A0B7AD4DB784 /* ModelContainer+Setup.swift in Sources */ = {isa = PBXBuildFile; fileRef = FF94ABC9A97854F7CC080CE4 /* ModelContainer+Setup.swift */; };
		B5112710A03EDCF3F387EF00 /* PulseComplications.swift in Sources */ = {isa = PBXBuildFile; fileRef = 765F7C1351C0FA1232BF3188 /* PulseComplications.swift */; };
		B8022767E2E9E15D0405D6B2 /* WelcomeView.swift in Sources */ = {isa = PBXBuildFile; fileRef = 95D8119FAE1E50DB1B833120 /* WelcomeView.swift */; };
		BBAC41A330724FB36B826205 /* PSButton.swift in Sources */ = {isa = PBXBuildFile; fileRef = 9BCAFD230EF79BCA2EA6A5B7 /* PSButton.swift */; };
		BF5C626DB654EFD8BC0520D5 /* ShareCardView.swift in Sources */ = {isa = PBXBuildFile; fileRef = 5FB47135CA633AF4EE50FC86 /* ShareCardView.swift */; };
		C163C3F49F1527D47BDBB202 /* SettingsViewModel.swift in Sources */ = {isa = PBXBuildFile; fileRef = 8A5334905A094C8DBC82FBCE /* SettingsViewModel.swift */; };
		C802F2996F9DC7F8B40490A7 /* HealthDataProviding.swift in Sources */ = {isa = PBXBuildFile; fileRef = 25C9B0047CCEBB272191C917 /* HealthDataProviding.swift */; };
		CDC2932EC564B24A26DB35F7 /* TodayPlaceholderView.swift in Sources */ = {isa = PBXBuildFile; fileRef = A08B3FC85253CB93D36EB53E /* TodayPlaceholderView.swift */; };
		CF6B745A25EAC8BE8B7F7D6A /* CurrentVerseCard.swift in Sources */ = {isa = PBXBuildFile; fileRef = 6986A60C953B9D8FE072B25C /* CurrentVerseCard.swift */; };
		D07631BBE2FE76016BAAA310 /* OnboardingCompleteView.swift in Sources */ = {isa = PBXBuildFile; fileRef = 84AE591E3C433C3B5D2F9136 /* OnboardingCompleteView.swift */; };
		D8165E0533D81C4893398E2D /* WatchHealthEngine.swift in Sources */ = {isa = PBXBuildFile; fileRef = 3074BD3D3564A521779E8B8A /* WatchHealthEngine.swift */; };
		D9766E553881C71C46B54BA1 /* ShareCardRenderer.swift in Sources */ = {isa = PBXBuildFile; fileRef = 9A0E526EDDFD053D43E25EE5 /* ShareCardRenderer.swift */; };
		DBB562A4C9E125DA6C8BB7C4 /* HistoryView.swift in Sources */ = {isa = PBXBuildFile; fileRef = 1DC49BDF687185AE0657AADC /* HistoryView.swift */; };
		DCD3C029872EAFAAAFDBFB13 /* MainTabView.swift in Sources */ = {isa = PBXBuildFile; fileRef = 0CF03F38EFF412C054E6B429 /* MainTabView.swift */; };
		E18F294C4D0D3B3AACB21C48 /* OnboardingViewModel.swift in Sources */ = {isa = PBXBuildFile; fileRef = 1B69F8C8D9A291FADDBC0B64 /* OnboardingViewModel.swift */; };
		E49A86E1663C6DB8722A0BF5 /* StateChipView.swift in Sources */ = {isa = PBXBuildFile; fileRef = 5B90EB55056AFBCB2A9DF40F /* StateChipView.swift */; };
		EA322B1C7EAE9B9B1D238A88 /* StateBannerCard.swift in Sources */ = {isa = PBXBuildFile; fileRef = EA7D9FF486D22C0334697983 /* StateBannerCard.swift */; };
		F022C85557F91AB1142744FE /* MetricCollector.swift in Sources */ = {isa = PBXBuildFile; fileRef = 894578127626DAF4E24944F4 /* MetricCollector.swift */; };
		F1B8A8253EC9CBCB13D0F643 /* VitalsView.swift in Sources */ = {isa = PBXBuildFile; fileRef = 106E207F452F51DA0DD90C08 /* VitalsView.swift */; };
		F507A6224E1557DBCCD9F454 /* HistoryRowView.swift in Sources */ = {isa = PBXBuildFile; fileRef = 4AA54FFD5368F70522460346 /* HistoryRowView.swift */; };
		FF152BDE6343A10B8627BC3C /* PulseShared in Frameworks */ = {isa = PBXBuildFile; productRef = E589F9A8F747F1E94E85082E /* PulseShared */; };
		FF67889170C98580B3973036 /* PermissionsView.swift in Sources */ = {isa = PBXBuildFile; fileRef = B417C955215C652DE92713E3 /* PermissionsView.swift */; };
/* End PBXBuildFile section */

/* Begin PBXContainerItemProxy section */
		3F7687E2638334DDDA4F9FD9 /* PBXContainerItemProxy */ = {
			isa = PBXContainerItemProxy;
			containerPortal = 84FEC84833EC6BF77563A3F6 /* Project object */;
			proxyType = 1;
			remoteGlobalIDString = BF89A5F8D54D18A7B041A357;
			remoteInfo = PulseWatchWidgets;
		};
		B5311D6DBF1143BE23F2A159 /* PBXContainerItemProxy */ = {
			isa = PBXContainerItemProxy;
			containerPortal = 84FEC84833EC6BF77563A3F6 /* Project object */;
			proxyType = 1;
			remoteGlobalIDString = 1FD59D79150B4CD00EEDF298;
			remoteInfo = PulseWatch;
		};
/* End PBXContainerItemProxy section */

/* Begin PBXCopyFilesBuildPhase section */
		589D7CAEC1BAEBB67BC54BE1 /* Embed Foundation Extensions */ = {
			isa = PBXCopyFilesBuildPhase;
			buildActionMask = 2147483647;
			dstPath = "";
			dstSubfolderSpec = 13;
			files = (
				15A8DDEC3C62DF529C4ED72E /* PulseWatchWidgets.appex in Embed Foundation Extensions */,
			);
			name = "Embed Foundation Extensions";
			runOnlyForDeploymentPostprocessing = 0;
		};
		FE303C82218C7B06E2BD7A6E /* Embed Watch Content */ = {
			isa = PBXCopyFilesBuildPhase;
			buildActionMask = 2147483647;
			dstPath = "$(CONTENTS_FOLDER_PATH)/Watch";
			dstSubfolderSpec = 16;
			files = (
				45A99CE20E14662637AA8D84 /* PulseWatch.app in Embed Watch Content */,
			);
			name = "Embed Watch Content";
			runOnlyForDeploymentPostprocessing = 0;
		};
/* End PBXCopyFilesBuildPhase section */

/* Begin PBXFileReference section */
		02C719D2AC1E4AB47F5E73F2 /* Info.plist */ = {isa = PBXFileReference; lastKnownFileType = text.plist; path = Info.plist; sourceTree = "<group>"; };
		02DA8A4774BC0F7D96FE1AEF /* PulseWatchWidgets.entitlements */ = {isa = PBXFileReference; lastKnownFileType = text.plist.entitlements; path = PulseWatchWidgets.entitlements; sourceTree = "<group>"; };
		0405A3882AE55FA28CB4FEA7 /* PulseWatchWidgets.appex */ = {isa = PBXFileReference; explicitFileType = "wrapper.app-extension"; includeInIndex = 0; path = PulseWatchWidgets.appex; sourceTree = BUILT_PRODUCTS_DIR; };
		074A54C7F7A0F3C9C3C50423 /* TranslationSettingsView.swift */ = {isa = PBXFileReference; lastKnownFileType = sourcecode.swift; path = TranslationSettingsView.swift; sourceTree = "<group>"; };
		0AEE9CD05DD0A6FAA15E6014 /* PulseApp.swift */ = {isa = PBXFileReference; lastKnownFileType = sourcecode.swift; path = PulseApp.swift; sourceTree = "<group>"; };
		0CF03F38EFF412C054E6B429 /* MainTabView.swift */ = {isa = PBXFileReference; lastKnownFileType = sourcecode.swift; path = MainTabView.swift; sourceTree = "<group>"; };
		106E207F452F51DA0DD90C08 /* VitalsView.swift */ = {isa = PBXFileReference; lastKnownFileType = sourcecode.swift; path = VitalsView.swift; sourceTree = "<group>"; };
		13FEF2D2118D74C3572DF349 /* Pulse.app */ = {isa = PBXFileReference; includeInIndex = 0; lastKnownFileType = wrapper.application; path = Pulse.app; sourceTree = BUILT_PRODUCTS_DIR; };
		1461D6EBAE5EEE1FEFAA43C2 /* MetricsGridView.swift */ = {isa = PBXFileReference; lastKnownFileType = sourcecode.swift; path = MetricsGridView.swift; sourceTree = "<group>"; };
		14C9095CC4988578C90F000C /* PSCard.swift */ = {isa = PBXFileReference; lastKnownFileType = sourcecode.swift; path = PSCard.swift; sourceTree = "<group>"; };
		1B69F8C8D9A291FADDBC0B64 /* OnboardingViewModel.swift */ = {isa = PBXFileReference; lastKnownFileType = sourcecode.swift; path = OnboardingViewModel.swift; sourceTree = "<group>"; };
		1DC49BDF687185AE0657AADC /* HistoryView.swift */ = {isa = PBXFileReference; lastKnownFileType = sourcecode.swift; path = HistoryView.swift; sourceTree = "<group>"; };
		1E0CFBDDC4B6C4C6F19905F6 /* VerseCache.swift */ = {isa = PBXFileReference; lastKnownFileType = sourcecode.swift; path = VerseCache.swift; sourceTree = "<group>"; };
		25C9B0047CCEBB272191C917 /* HealthDataProviding.swift */ = {isa = PBXFileReference; lastKnownFileType = sourcecode.swift; path = HealthDataProviding.swift; sourceTree = "<group>"; };
		282AC598C18A98F698CFAD2E /* DeliveryScheduler.swift */ = {isa = PBXFileReference; lastKnownFileType = sourcecode.swift; path = DeliveryScheduler.swift; sourceTree = "<group>"; };
		29FA64B0180D4CDBFC838B54 /* VerseDetailSheet.swift */ = {isa = PBXFileReference; lastKnownFileType = sourcecode.swift; path = VerseDetailSheet.swift; sourceTree = "<group>"; };
		3074BD3D3564A521779E8B8A /* WatchHealthEngine.swift */ = {isa = PBXFileReference; lastKnownFileType = sourcecode.swift; path = WatchHealthEngine.swift; sourceTree = "<group>"; };
		3E451C341D0BF1CEB115F0D7 /* RecentVersesRow.swift */ = {isa = PBXFileReference; lastKnownFileType = sourcecode.swift; path = RecentVersesRow.swift; sourceTree = "<group>"; };
		3EABAF7E9F79AF4B72252E40 /* VerseView.swift */ = {isa = PBXFileReference; lastKnownFileType = sourcecode.swift; path = VerseView.swift; sourceTree = "<group>"; };
		3F60F6AA95CD6BBACC401AD7 /* PrayerView.swift */ = {isa = PBXFileReference; lastKnownFileType = sourcecode.swift; path = PrayerView.swift; sourceTree = "<group>"; };
		49CAB3507692A5788EDD021C /* MainView.swift */ = {isa = PBXFileReference; lastKnownFileType = sourcecode.swift; path = MainView.swift; sourceTree = "<group>"; };
		4AA54FFD5368F70522460346 /* HistoryRowView.swift */ = {isa = PBXFileReference; lastKnownFileType = sourcecode.swift; path = HistoryRowView.swift; sourceTree = "<group>"; };
		5414380F98EE676E0E738DBC /* OnboardingFlow.swift */ = {isa = PBXFileReference; lastKnownFileType = sourcecode.swift; path = OnboardingFlow.swift; sourceTree = "<group>"; };
		5B90EB55056AFBCB2A9DF40F /* StateChipView.swift */ = {isa = PBXFileReference; lastKnownFileType = sourcecode.swift; path = StateChipView.swift; sourceTree = "<group>"; };
		5D58FF5DF89E2161D951DF1A /* PulseRing.swift */ = {isa = PBXFileReference; lastKnownFileType = sourcecode.swift; path = PulseRing.swift; sourceTree = "<group>"; };
		5FB47135CA633AF4EE50FC86 /* ShareCardView.swift */ = {isa = PBXFileReference; lastKnownFileType = sourcecode.swift; path = ShareCardView.swift; sourceTree = "<group>"; };
		5FCEE7A5CD3B4DDFF21B1DEF /* HealthEngine.swift */ = {isa = PBXFileReference; lastKnownFileType = sourcecode.swift; path = HealthEngine.swift; sourceTree = "<group>"; };
		5FCFC8C1E9A3B989961B020B /* Pulse.entitlements */ = {isa = PBXFileReference; lastKnownFileType = text.plist.entitlements; path = Pulse.entitlements; sourceTree = "<group>"; };
		61351325E55F640F3125EDCC /* HistoryViewModel.swift */ = {isa = PBXFileReference; lastKnownFileType = sourcecode.swift; path = HistoryViewModel.swift; sourceTree = "<group>"; };
		658BC99EE552C7E68CBA5EB8 /* PulseWatch.app */ = {isa = PBXFileReference; explicitFileType = wrapper.application; includeInIndex = 0; path = PulseWatch.app; sourceTree = BUILT_PRODUCTS_DIR; };
		684C717B6F893FC2FA946CD4 /* Assets.xcassets */ = {isa = PBXFileReference; lastKnownFileType = folder.assetcatalog; path = Assets.xcassets; sourceTree = "<group>"; };
		6986A60C953B9D8FE072B25C /* CurrentVerseCard.swift */ = {isa = PBXFileReference; lastKnownFileType = sourcecode.swift; path = CurrentVerseCard.swift; sourceTree = "<group>"; };
		69DBD08C32085CC637A1F35C /* HomeViewModel.swift */ = {isa = PBXFileReference; lastKnownFileType = sourcecode.swift; path = HomeViewModel.swift; sourceTree = "<group>"; };
		6CE835BAE6930E844D27B668 /* ComplicationViews.swift */ = {isa = PBXFileReference; lastKnownFileType = sourcecode.swift; path = ComplicationViews.swift; sourceTree = "<group>"; };
		6F083BA414BA913FD2B9FA6D /* Assets.xcassets */ = {isa = PBXFileReference; lastKnownFileType = folder.assetcatalog; path = Assets.xcassets; sourceTree = "<group>"; };
		73AE1E80F5729A55FED67C05 /* HistoryDetailView.swift */ = {isa = PBXFileReference; lastKnownFileType = sourcecode.swift; path = HistoryDetailView.swift; sourceTree = "<group>"; };
		765F7C1351C0FA1232BF3188 /* PulseComplications.swift */ = {isa = PBXFileReference; lastKnownFileType = sourcecode.swift; path = PulseComplications.swift; sourceTree = "<group>"; };
		82CA4B8BDC045C16F231C4E3 /* Assets.xcassets */ = {isa = PBXFileReference; lastKnownFileType = folder.assetcatalog; path = Assets.xcassets; sourceTree = "<group>"; };
		849515D6521FB9971926BCA3 /* Release.xcconfig */ = {isa = PBXFileReference; lastKnownFileType = text.xcconfig; path = Release.xcconfig; sourceTree = "<group>"; };
		84AE591E3C433C3B5D2F9136 /* OnboardingCompleteView.swift */ = {isa = PBXFileReference; lastKnownFileType = sourcecode.swift; path = OnboardingCompleteView.swift; sourceTree = "<group>"; };
		894578127626DAF4E24944F4 /* MetricCollector.swift */ = {isa = PBXFileReference; lastKnownFileType = sourcecode.swift; path = MetricCollector.swift; sourceTree = "<group>"; };
		8955765F322AB6B8869FBBD2 /* ScriptureEngine.swift */ = {isa = PBXFileReference; lastKnownFileType = sourcecode.swift; path = ScriptureEngine.swift; sourceTree = "<group>"; };
		8A5334905A094C8DBC82FBCE /* SettingsViewModel.swift */ = {isa = PBXFileReference; lastKnownFileType = sourcecode.swift; path = SettingsViewModel.swift; sourceTree = "<group>"; };
		935401AC9AF178CA8A14AB97 /* PulseSchema.swift */ = {isa = PBXFileReference; lastKnownFileType = sourcecode.swift; path = PulseSchema.swift; sourceTree = "<group>"; };
		95D8119FAE1E50DB1B833120 /* WelcomeView.swift */ = {isa = PBXFileReference; lastKnownFileType = sourcecode.swift; path = WelcomeView.swift; sourceTree = "<group>"; };
		9A0E526EDDFD053D43E25EE5 /* ShareCardRenderer.swift */ = {isa = PBXFileReference; lastKnownFileType = sourcecode.swift; path = ShareCardRenderer.swift; sourceTree = "<group>"; };
		9B3A3BC945381B2E11B96FA8 /* PulseWatch.entitlements */ = {isa = PBXFileReference; lastKnownFileType = text.plist.entitlements; path = PulseWatch.entitlements; sourceTree = "<group>"; };
		9BCAFD230EF79BCA2EA6A5B7 /* PSButton.swift */ = {isa = PBXFileReference; lastKnownFileType = sourcecode.swift; path = PSButton.swift; sourceTree = "<group>"; };
		A08B3FC85253CB93D36EB53E /* TodayPlaceholderView.swift */ = {isa = PBXFileReference; lastKnownFileType = sourcecode.swift; path = TodayPlaceholderView.swift; sourceTree = "<group>"; };
		A29420104715BCC04A18ED13 /* TranslationPickerView.swift */ = {isa = PBXFileReference; lastKnownFileType = sourcecode.swift; path = TranslationPickerView.swift; sourceTree = "<group>"; };
		A407568C5689F0F6FD2FEC9A /* MockHealthProvider.swift */ = {isa = PBXFileReference; lastKnownFileType = sourcecode.swift; path = MockHealthProvider.swift; sourceTree = "<group>"; };
		A6BA81F9947113A4B58D4E49 /* PhoneSessionManager.swift */ = {isa = PBXFileReference; lastKnownFileType = sourcecode.swift; path = PhoneSessionManager.swift; sourceTree = "<group>"; };
		B3941E64DF15AE175EA3A9CC /* Debug.xcconfig */ = {isa = PBXFileReference; lastKnownFileType = text.xcconfig; path = Debug.xcconfig; sourceTree = "<group>"; };
		B417C955215C652DE92713E3 /* PermissionsView.swift */ = {isa = PBXFileReference; lastKnownFileType = sourcecode.swift; path = PermissionsView.swift; sourceTree = "<group>"; };
		B53EE25454C6849FC058934B /* MetricTile.swift */ = {isa = PBXFileReference; lastKnownFileType = sourcecode.swift; path = MetricTile.swift; sourceTree = "<group>"; };
		B7045A0EAF2A362DBDC67DCA /* AppDelegate.swift */ = {isa = PBXFileReference; lastKnownFileType = sourcecode.swift; path = AppDelegate.swift; sourceTree = "<group>"; };
		BE0124814F82ED74D90B98DF /* VerseTextView.swift */ = {isa = PBXFileReference; lastKnownFileType = sourcecode.swift; path = VerseTextView.swift; sourceTree = "<group>"; };
		C0D1390EE653F2D9B57F24AA /* HomeView.swift */ = {isa = PBXFileReference; lastKnownFileType = sourcecode.swift; path = HomeView.swift; sourceTree = "<group>"; };
		D0AE5E25194558D68B33915D /* SettingsView.swift */ = {isa = PBXFileReference; lastKnownFileType = sourcecode.swift; path = SettingsView.swift; sourceTree = "<group>"; };
		D781730BCEDD3158AB713975 /* WatchSessionManager.swift */ = {isa = PBXFileReference; lastKnownFileType = sourcecode.swift; path = WatchSessionManager.swift; sourceTree = "<group>"; };
		DBBB7FDB243B4CA672E7FF03 /* HistoryView.swift */ = {isa = PBXFileReference; lastKnownFileType = sourcecode.swift; path = HistoryView.swift; sourceTree = "<group>"; };
		DD88FD056C666BFB9ADEFDBC /* NotificationService.swift */ = {isa = PBXFileReference; lastKnownFileType = sourcecode.swift; path = NotificationService.swift; sourceTree = "<group>"; };
		E2B5FBC3DA7A32B44A484727 /* Info.plist */ = {isa = PBXFileReference; lastKnownFileType = text.plist; path = Info.plist; sourceTree = "<group>"; };
		E3DB0ED9C9FB9510602FD2FD /* PulseShared */ = {isa = PBXFileReference; lastKnownFileType = folder; name = PulseShared; path = PulseShared; sourceTree = SOURCE_ROOT; };
		E57CC045AC727642E42EE5DB /* WatchAppDelegate.swift */ = {isa = PBXFileReference; lastKnownFileType = sourcecode.swift; path = WatchAppDelegate.swift; sourceTree = "<group>"; };
		E7059FABA65645A103CAF056 /* AppConfig.swift */ = {isa = PBXFileReference; lastKnownFileType = sourcecode.swift; path = AppConfig.swift; sourceTree = "<group>"; };
		EA7D9FF486D22C0334697983 /* StateBannerCard.swift */ = {isa = PBXFileReference; lastKnownFileType = sourcecode.swift; path = StateBannerCard.swift; sourceTree = "<group>"; };
		EC7FFBAB32D5F8DE5505202F /* Info.plist */ = {isa = PBXFileReference; lastKnownFileType = text.plist; path = Info.plist; sourceTree = "<group>"; };
		F76E0B0971A3D5FFE79D25DD /* PulseWatchApp.swift */ = {isa = PBXFileReference; lastKnownFileType = sourcecode.swift; path = PulseWatchApp.swift; sourceTree = "<group>"; };
		FF94ABC9A97854F7CC080CE4 /* ModelContainer+Setup.swift */ = {isa = PBXFileReference; lastKnownFileType = sourcecode.swift; path = "ModelContainer+Setup.swift"; sourceTree = "<group>"; };
/* End PBXFileReference section */

/* Begin PBXFrameworksBuildPhase section */
		1C9078D005D61D91A0E0C7F8 /* Frameworks */ = {
			isa = PBXFrameworksBuildPhase;
			buildActionMask = 2147483647;
			files = (
				FF152BDE6343A10B8627BC3C /* PulseShared in Frameworks */,
			);
			runOnlyForDeploymentPostprocessing = 0;
		};
		41ED6EC2DDD8304EB4EE21F6 /* Frameworks */ = {
			isa = PBXFrameworksBuildPhase;
			buildActionMask = 2147483647;
			files = (
				6F8E2CCEBE48A5FA07DEDB0E /* PulseShared in Frameworks */,
			);
			runOnlyForDeploymentPostprocessing = 0;
		};
		D5C76556D47E54835DAA0FF5 /* Frameworks */ = {
			isa = PBXFrameworksBuildPhase;
			buildActionMask = 2147483647;
			files = (
				B01C22C285F9E458C70B993F /* PulseShared in Frameworks */,
			);
			runOnlyForDeploymentPostprocessing = 0;
		};
/* End PBXFrameworksBuildPhase section */

/* Begin PBXGroup section */
		0517CBCF4CD018979D20882E /* Onboarding */ = {
			isa = PBXGroup;
			children = (
				84AE591E3C433C3B5D2F9136 /* OnboardingCompleteView.swift */,
				5414380F98EE676E0E738DBC /* OnboardingFlow.swift */,
				1B69F8C8D9A291FADDBC0B64 /* OnboardingViewModel.swift */,
				B417C955215C652DE92713E3 /* PermissionsView.swift */,
				A29420104715BCC04A18ED13 /* TranslationPickerView.swift */,
				95D8119FAE1E50DB1B833120 /* WelcomeView.swift */,
			);
			path = Onboarding;
			sourceTree = "<group>";
		};
		0DBDBE9D62FC59B0A976D043 /* Core */ = {
			isa = PBXGroup;
			children = (
				BF8B62DA9B7E73FAAF0F188C /* Connectivity */,
				33832105E669CEFFA78A1B73 /* Health */,
				2FAB7FD1C04A37EC2B7D16E4 /* Persistence */,
				2F6ED793E3D4995A13821E43 /* Scripture */,
			);
			path = Core;
			sourceTree = "<group>";
		};
		1513F110A74E07D4D754A260 /* Features */ = {
			isa = PBXGroup;
			children = (
				1DC49BDF687185AE0657AADC /* HistoryView.swift */,
				49CAB3507692A5788EDD021C /* MainView.swift */,
				3F60F6AA95CD6BBACC401AD7 /* PrayerView.swift */,
				3EABAF7E9F79AF4B72252E40 /* VerseView.swift */,
				106E207F452F51DA0DD90C08 /* VitalsView.swift */,
			);
			path = Features;
			sourceTree = "<group>";
		};
		16C8605271C6A45188D07E13 /* Pulse */ = {
			isa = PBXGroup;
			children = (
				38F29541A06B8A159C0EFF06 /* App */,
				0DBDBE9D62FC59B0A976D043 /* Core */,
				38D2581186EA6474F113D42F /* DesignSystem */,
				6BBC8380317D62458772FCFE /* Features */,
				7B2DACA61F39E7B50B11EBE2 /* Notifications */,
				F7EE12501EB7201D317BF279 /* Resources */,
			);
			path = Pulse;
			sourceTree = "<group>";
		};
		1FEE830988994786371D8E45 /* Products */ = {
			isa = PBXGroup;
			children = (
				13FEF2D2118D74C3572DF349 /* Pulse.app */,
				658BC99EE552C7E68CBA5EB8 /* PulseWatch.app */,
				0405A3882AE55FA28CB4FEA7 /* PulseWatchWidgets.appex */,
			);
			name = Products;
			sourceTree = "<group>";
		};
		2F6ED793E3D4995A13821E43 /* Scripture */ = {
			isa = PBXGroup;
			children = (
				282AC598C18A98F698CFAD2E /* DeliveryScheduler.swift */,
				8955765F322AB6B8869FBBD2 /* ScriptureEngine.swift */,
				1E0CFBDDC4B6C4C6F19905F6 /* VerseCache.swift */,
			);
			path = Scripture;
			sourceTree = "<group>";
		};
		2FAB7FD1C04A37EC2B7D16E4 /* Persistence */ = {
			isa = PBXGroup;
			children = (
				FF94ABC9A97854F7CC080CE4 /* ModelContainer+Setup.swift */,
				935401AC9AF178CA8A14AB97 /* PulseSchema.swift */,
			);
			path = Persistence;
			sourceTree = "<group>";
		};
		33832105E669CEFFA78A1B73 /* Health */ = {
			isa = PBXGroup;
			children = (
				25C9B0047CCEBB272191C917 /* HealthDataProviding.swift */,
				5FCEE7A5CD3B4DDFF21B1DEF /* HealthEngine.swift */,
				894578127626DAF4E24944F4 /* MetricCollector.swift */,
				A407568C5689F0F6FD2FEC9A /* MockHealthProvider.swift */,
			);
			path = Health;
			sourceTree = "<group>";
		};
		38D2581186EA6474F113D42F /* DesignSystem */ = {
			isa = PBXGroup;
			children = (
				67A377F100E9C32D2F5A5284 /* Components */,
			);
			path = DesignSystem;
			sourceTree = "<group>";
		};
		38F29541A06B8A159C0EFF06 /* App */ = {
			isa = PBXGroup;
			children = (
				E7059FABA65645A103CAF056 /* AppConfig.swift */,
				B7045A0EAF2A362DBDC67DCA /* AppDelegate.swift */,
				0AEE9CD05DD0A6FAA15E6014 /* PulseApp.swift */,
			);
			path = App;
			sourceTree = "<group>";
		};
		4EFBF291883E32FE79333AE6 /* History */ = {
			isa = PBXGroup;
			children = (
				73AE1E80F5729A55FED67C05 /* HistoryDetailView.swift */,
				4AA54FFD5368F70522460346 /* HistoryRowView.swift */,
				DBBB7FDB243B4CA672E7FF03 /* HistoryView.swift */,
				61351325E55F640F3125EDCC /* HistoryViewModel.swift */,
			);
			path = History;
			sourceTree = "<group>";
		};
		5585876A9F587F509B92FB05 /* Resources */ = {
			isa = PBXGroup;
			children = (
				6F083BA414BA913FD2B9FA6D /* Assets.xcassets */,
				02C719D2AC1E4AB47F5E73F2 /* Info.plist */,
				9B3A3BC945381B2E11B96FA8 /* PulseWatch.entitlements */,
			);
			path = Resources;
			sourceTree = "<group>";
		};
		62E7EA0E7BFAA1FF2A406453 /* Share */ = {
			isa = PBXGroup;
			children = (
				9A0E526EDDFD053D43E25EE5 /* ShareCardRenderer.swift */,
				5FB47135CA633AF4EE50FC86 /* ShareCardView.swift */,
			);
			path = Share;
			sourceTree = "<group>";
		};
		632B47CD5C08EAE7E79626D3 /* App */ = {
			isa = PBXGroup;
			children = (
				F76E0B0971A3D5FFE79D25DD /* PulseWatchApp.swift */,
				E57CC045AC727642E42EE5DB /* WatchAppDelegate.swift */,
			);
			path = App;
			sourceTree = "<group>";
		};
		66B4C3B58C6C8FE5EA3EA8B7 /* Packages */ = {
			isa = PBXGroup;
			children = (
				E3DB0ED9C9FB9510602FD2FD /* PulseShared */,
			);
			name = Packages;
			sourceTree = "<group>";
		};
		67A377F100E9C32D2F5A5284 /* Components */ = {
			isa = PBXGroup;
			children = (
				B53EE25454C6849FC058934B /* MetricTile.swift */,
				9BCAFD230EF79BCA2EA6A5B7 /* PSButton.swift */,
				14C9095CC4988578C90F000C /* PSCard.swift */,
				5D58FF5DF89E2161D951DF1A /* PulseRing.swift */,
				5B90EB55056AFBCB2A9DF40F /* StateChipView.swift */,
				BE0124814F82ED74D90B98DF /* VerseTextView.swift */,
			);
			path = Components;
			sourceTree = "<group>";
		};
		6BBC8380317D62458772FCFE /* Features */ = {
			isa = PBXGroup;
			children = (
				0CF03F38EFF412C054E6B429 /* MainTabView.swift */,
				4EFBF291883E32FE79333AE6 /* History */,
				EB05EB971523B38E8F3FCE6A /* Home */,
				0517CBCF4CD018979D20882E /* Onboarding */,
				8A7C294BFB009278CD23B2A9 /* Settings */,
				62E7EA0E7BFAA1FF2A406453 /* Share */,
				F4391FF7C87279746E0EF7F0 /* Today */,
			);
			path = Features;
			sourceTree = "<group>";
		};
		7A87E3B4AE2E59047EFB8F61 = {
			isa = PBXGroup;
			children = (
				804718858774CF6562046B1F /* Config */,
				66B4C3B58C6C8FE5EA3EA8B7 /* Packages */,
				16C8605271C6A45188D07E13 /* Pulse */,
				8575991D469966D1B48555F6 /* PulseWatch */,
				9D2E4F0FBA3338F6D2620C5B /* PulseWatchWidgets */,
				1FEE830988994786371D8E45 /* Products */,
			);
			sourceTree = "<group>";
		};
		7B2DACA61F39E7B50B11EBE2 /* Notifications */ = {
			isa = PBXGroup;
			children = (
				DD88FD056C666BFB9ADEFDBC /* NotificationService.swift */,
			);
			path = Notifications;
			sourceTree = "<group>";
		};
		804718858774CF6562046B1F /* Config */ = {
			isa = PBXGroup;
			children = (
				B3941E64DF15AE175EA3A9CC /* Debug.xcconfig */,
				849515D6521FB9971926BCA3 /* Release.xcconfig */,
			);
			path = Config;
			sourceTree = "<group>";
		};
		8575991D469966D1B48555F6 /* PulseWatch */ = {
			isa = PBXGroup;
			children = (
				632B47CD5C08EAE7E79626D3 /* App */,
				E7B56EA1E0CB45E55B406F4A /* Core */,
				1513F110A74E07D4D754A260 /* Features */,
				5585876A9F587F509B92FB05 /* Resources */,
			);
			path = PulseWatch;
			sourceTree = "<group>";
		};
		8A7C294BFB009278CD23B2A9 /* Settings */ = {
			isa = PBXGroup;
			children = (
				D0AE5E25194558D68B33915D /* SettingsView.swift */,
				8A5334905A094C8DBC82FBCE /* SettingsViewModel.swift */,
				074A54C7F7A0F3C9C3C50423 /* TranslationSettingsView.swift */,
			);
			path = Settings;
			sourceTree = "<group>";
		};
		9D2E4F0FBA3338F6D2620C5B /* PulseWatchWidgets */ = {
			isa = PBXGroup;
			children = (
				6CE835BAE6930E844D27B668 /* ComplicationViews.swift */,
				765F7C1351C0FA1232BF3188 /* PulseComplications.swift */,
				F56B7DE7F3D0307076CF48F3 /* Resources */,
			);
			path = PulseWatchWidgets;
			sourceTree = "<group>";
		};
		BF8B62DA9B7E73FAAF0F188C /* Connectivity */ = {
			isa = PBXGroup;
			children = (
				A6BA81F9947113A4B58D4E49 /* PhoneSessionManager.swift */,
			);
			path = Connectivity;
			sourceTree = "<group>";
		};
		E7B56EA1E0CB45E55B406F4A /* Core */ = {
			isa = PBXGroup;
			children = (
				3074BD3D3564A521779E8B8A /* WatchHealthEngine.swift */,
				D781730BCEDD3158AB713975 /* WatchSessionManager.swift */,
			);
			path = Core;
			sourceTree = "<group>";
		};
		EB05EB971523B38E8F3FCE6A /* Home */ = {
			isa = PBXGroup;
			children = (
				6986A60C953B9D8FE072B25C /* CurrentVerseCard.swift */,
				C0D1390EE653F2D9B57F24AA /* HomeView.swift */,
				69DBD08C32085CC637A1F35C /* HomeViewModel.swift */,
				1461D6EBAE5EEE1FEFAA43C2 /* MetricsGridView.swift */,
				3E451C341D0BF1CEB115F0D7 /* RecentVersesRow.swift */,
				EA7D9FF486D22C0334697983 /* StateBannerCard.swift */,
				29FA64B0180D4CDBFC838B54 /* VerseDetailSheet.swift */,
			);
			path = Home;
			sourceTree = "<group>";
		};
		F4391FF7C87279746E0EF7F0 /* Today */ = {
			isa = PBXGroup;
			children = (
				A08B3FC85253CB93D36EB53E /* TodayPlaceholderView.swift */,
			);
			path = Today;
			sourceTree = "<group>";
		};
		F56B7DE7F3D0307076CF48F3 /* Resources */ = {
			isa = PBXGroup;
			children = (
				684C717B6F893FC2FA946CD4 /* Assets.xcassets */,
				E2B5FBC3DA7A32B44A484727 /* Info.plist */,
				02DA8A4774BC0F7D96FE1AEF /* PulseWatchWidgets.entitlements */,
			);
			path = Resources;
			sourceTree = "<group>";
		};
		F7EE12501EB7201D317BF279 /* Resources */ = {
			isa = PBXGroup;
			children = (
				82CA4B8BDC045C16F231C4E3 /* Assets.xcassets */,
				EC7FFBAB32D5F8DE5505202F /* Info.plist */,
				5FCFC8C1E9A3B989961B020B /* Pulse.entitlements */,
			);
			path = Resources;
			sourceTree = "<group>";
		};
/* End PBXGroup section */

/* Begin PBXNativeTarget section */
		1FD59D79150B4CD00EEDF298 /* PulseWatch */ = {
			isa = PBXNativeTarget;
			buildConfigurationList = FD9785E53760A353FCF7DDA5 /* Build configuration list for PBXNativeTarget "PulseWatch" */;
			buildPhases = (
				88D6AF757036F12496010781 /* Sources */,
				9198C73ABCBE61673E09F30C /* Resources */,
				D5C76556D47E54835DAA0FF5 /* Frameworks */,
				589D7CAEC1BAEBB67BC54BE1 /* Embed Foundation Extensions */,
			);
			buildRules = (
			);
			dependencies = (
				49E069377BD2639EE7133139 /* PBXTargetDependency */,
			);
			name = PulseWatch;
			packageProductDependencies = (
				A4B6B95425B67549673F84A3 /* PulseShared */,
			);
			productName = PulseWatch;
			productReference = 658BC99EE552C7E68CBA5EB8 /* PulseWatch.app */;
			productType = "com.apple.product-type.application";
		};
		BF89A5F8D54D18A7B041A357 /* PulseWatchWidgets */ = {
			isa = PBXNativeTarget;
			buildConfigurationList = 467D577D30B4C86E3320AFA3 /* Build configuration list for PBXNativeTarget "PulseWatchWidgets" */;
			buildPhases = (
				8F90DFD34AF6172E122D75B6 /* Sources */,
				46DD47C82DD7EF7A7EE2BDCC /* Resources */,
				41ED6EC2DDD8304EB4EE21F6 /* Frameworks */,
			);
			buildRules = (
			);
			dependencies = (
			);
			name = PulseWatchWidgets;
			packageProductDependencies = (
				6739340A4C8FE95D8C5694BE /* PulseShared */,
			);
			productName = PulseWatchWidgets;
			productReference = 0405A3882AE55FA28CB4FEA7 /* PulseWatchWidgets.appex */;
			productType = "com.apple.product-type.app-extension";
		};
		CF79B1BAD3D70F54153FE0B3 /* Pulse */ = {
			isa = PBXNativeTarget;
			buildConfigurationList = 9608D96881FD5C17BB380FA0 /* Build configuration list for PBXNativeTarget "Pulse" */;
			buildPhases = (
				D70CFAE236269B6E146109F4 /* Sources */,
				606EBA1EB03BF3A2D7674713 /* Resources */,
				1C9078D005D61D91A0E0C7F8 /* Frameworks */,
				FE303C82218C7B06E2BD7A6E /* Embed Watch Content */,
			);
			buildRules = (
			);
			dependencies = (
				4765615F2013AD0A5BFBF0ED /* PBXTargetDependency */,
			);
			name = Pulse;
			packageProductDependencies = (
				E589F9A8F747F1E94E85082E /* PulseShared */,
			);
			productName = Pulse;
			productReference = 13FEF2D2118D74C3572DF349 /* Pulse.app */;
			productType = "com.apple.product-type.application";
		};
/* End PBXNativeTarget section */

/* Begin PBXProject section */
		84FEC84833EC6BF77563A3F6 /* Project object */ = {
			isa = PBXProject;
			attributes = {
				BuildIndependentTargetsInParallel = YES;
				LastUpgradeCheck = 1430;
				TargetAttributes = {
					1FD59D79150B4CD00EEDF298 = {
						DevelopmentTeam = APQT8U28NL;
						ProvisioningStyle = Automatic;
					};
					BF89A5F8D54D18A7B041A357 = {
						DevelopmentTeam = APQT8U28NL;
						ProvisioningStyle = Automatic;
					};
					CF79B1BAD3D70F54153FE0B3 = {
						DevelopmentTeam = APQT8U28NL;
						ProvisioningStyle = Automatic;
					};
				};
			};
			buildConfigurationList = AEADBFB0BC46A63478A94A51 /* Build configuration list for PBXProject "Pulse" */;
			developmentRegion = en;
			hasScannedForEncodings = 0;
			knownRegions = (
				Base,
				en,
			);
			mainGroup = 7A87E3B4AE2E59047EFB8F61;
			minimizedProjectReferenceProxies = 1;
			packageReferences = (
				24AFC9B1EC36A94DEA8F5250 /* XCLocalSwiftPackageReference "PulseShared" */,
			);
			preferredProjectObjectVersion = 77;
			productRefGroup = 1FEE830988994786371D8E45 /* Products */;
			projectDirPath = "";
			projectRoot = "";
			targets = (
				CF79B1BAD3D70F54153FE0B3 /* Pulse */,
				1FD59D79150B4CD00EEDF298 /* PulseWatch */,
				BF89A5F8D54D18A7B041A357 /* PulseWatchWidgets */,
			);
		};
/* End PBXProject section */

/* Begin PBXResourcesBuildPhase section */
		46DD47C82DD7EF7A7EE2BDCC /* Resources */ = {
			isa = PBXResourcesBuildPhase;
			buildActionMask = 2147483647;
			files = (
				7739364B0145E07B71DC6FBA /* Assets.xcassets in Resources */,
			);
			runOnlyForDeploymentPostprocessing = 0;
		};
		606EBA1EB03BF3A2D7674713 /* Resources */ = {
			isa = PBXResourcesBuildPhase;
			buildActionMask = 2147483647;
			files = (
				616B1E15A99B07B4D65A228F /* Assets.xcassets in Resources */,
			);
			runOnlyForDeploymentPostprocessing = 0;
		};
		9198C73ABCBE61673E09F30C /* Resources */ = {
			isa = PBXResourcesBuildPhase;
			buildActionMask = 2147483647;
			files = (
				857E8E850DF155A4D22DB125 /* Assets.xcassets in Resources */,
			);
			runOnlyForDeploymentPostprocessing = 0;
		};
/* End PBXResourcesBuildPhase section */

/* Begin PBXSourcesBuildPhase section */
		88D6AF757036F12496010781 /* Sources */ = {
			isa = PBXSourcesBuildPhase;
			buildActionMask = 2147483647;
			files = (
				DBB562A4C9E125DA6C8BB7C4 /* HistoryView.swift in Sources */,
				5EA0DBA1B4A3099A6B9440AE /* MainView.swift in Sources */,
				3F0A6D3439C8900AF8F84A9A /* PrayerView.swift in Sources */,
				3A8F65C6B42C3D6AE0118D32 /* PulseWatchApp.swift in Sources */,
				2E13F6007A8F7449A8CFCC89 /* VerseView.swift in Sources */,
				F1B8A8253EC9CBCB13D0F643 /* VitalsView.swift in Sources */,
				9C912D3251EAAD0C45AEC7E0 /* WatchAppDelegate.swift in Sources */,
				D8165E0533D81C4893398E2D /* WatchHealthEngine.swift in Sources */,
				14B0F60B45F2D68848F511EF /* WatchSessionManager.swift in Sources */,
			);
			runOnlyForDeploymentPostprocessing = 0;
		};
		8F90DFD34AF6172E122D75B6 /* Sources */ = {
			isa = PBXSourcesBuildPhase;
			buildActionMask = 2147483647;
			files = (
				672281484653F484B7D5F4B4 /* ComplicationViews.swift in Sources */,
				B5112710A03EDCF3F387EF00 /* PulseComplications.swift in Sources */,
			);
			runOnlyForDeploymentPostprocessing = 0;
		};
		D70CFAE236269B6E146109F4 /* Sources */ = {
			isa = PBXSourcesBuildPhase;
			buildActionMask = 2147483647;
			files = (
				84A2F60B3521417E25F1CEB8 /* AppConfig.swift in Sources */,
				9E7FC8D4372D7D6477B1E1CE /* AppDelegate.swift in Sources */,
				CF6B745A25EAC8BE8B7F7D6A /* CurrentVerseCard.swift in Sources */,
				8040CE25D98384C6828816C2 /* DeliveryScheduler.swift in Sources */,
				C802F2996F9DC7F8B40490A7 /* HealthDataProviding.swift in Sources */,
				A5C54ADE0C5514A00DA4DCFA /* HealthEngine.swift in Sources */,
				19DF5F1B9A565596C89D9FB3 /* HistoryDetailView.swift in Sources */,
				F507A6224E1557DBCCD9F454 /* HistoryRowView.swift in Sources */,
				89D3B6B6CB8C6DAC31EBCEC4 /* HistoryView.swift in Sources */,
				94B8EC034C1765D77212F1DC /* HistoryViewModel.swift in Sources */,
				3ADA9E9BB62E2F868A936DC4 /* HomeView.swift in Sources */,
				2B6434E400F64A228DE923EB /* HomeViewModel.swift in Sources */,
				DCD3C029872EAFAAAFDBFB13 /* MainTabView.swift in Sources */,
				F022C85557F91AB1142744FE /* MetricCollector.swift in Sources */,
				1DAED3A7021E31C6A63E2693 /* MetricTile.swift in Sources */,
				AD59AF35E363B7CD0D9C7A73 /* MetricsGridView.swift in Sources */,
				3C2325F3D5E37522A7B82A03 /* MockHealthProvider.swift in Sources */,
				B20FA01CD469A0B7AD4DB784 /* ModelContainer+Setup.swift in Sources */,
				A9F3479015B3DD98808FCAB4 /* NotificationService.swift in Sources */,
				D07631BBE2FE76016BAAA310 /* OnboardingCompleteView.swift in Sources */,
				5CDE9C6CC2063D3CDB8E8003 /* OnboardingFlow.swift in Sources */,
				E18F294C4D0D3B3AACB21C48 /* OnboardingViewModel.swift in Sources */,
				BBAC41A330724FB36B826205 /* PSButton.swift in Sources */,
				0D21DAC89D867E3EB6E74DFD /* PSCard.swift in Sources */,
				FF67889170C98580B3973036 /* PermissionsView.swift in Sources */,
				43E02C8449DDB3CE6793AB01 /* PhoneSessionManager.swift in Sources */,
				3486367464537B6192F7C2AF /* PulseApp.swift in Sources */,
				24C66624CCAFE5B675979021 /* PulseRing.swift in Sources */,
				8C516DA412FFF75038F61FF3 /* PulseSchema.swift in Sources */,
				4D873A7FAEF0992A95998A01 /* RecentVersesRow.swift in Sources */,
				81E6C11A1FE2FE2C8126D95A /* ScriptureEngine.swift in Sources */,
				78C6122344747E555A5DF17A /* SettingsView.swift in Sources */,
				C163C3F49F1527D47BDBB202 /* SettingsViewModel.swift in Sources */,
				D9766E553881C71C46B54BA1 /* ShareCardRenderer.swift in Sources */,
				BF5C626DB654EFD8BC0520D5 /* ShareCardView.swift in Sources */,
				EA322B1C7EAE9B9B1D238A88 /* StateBannerCard.swift in Sources */,
				E49A86E1663C6DB8722A0BF5 /* StateChipView.swift in Sources */,
				CDC2932EC564B24A26DB35F7 /* TodayPlaceholderView.swift in Sources */,
				6829FB7CA37E1495674B8868 /* TranslationPickerView.swift in Sources */,
				16875E44B5FDDBFB8155C6FC /* TranslationSettingsView.swift in Sources */,
				5647EB4F9B143A99D0BB77FC /* VerseCache.swift in Sources */,
				90A3E45D156D49DCBD18CF2E /* VerseDetailSheet.swift in Sources */,
				AC191A0C8B96CED95DD6B014 /* VerseTextView.swift in Sources */,
				B8022767E2E9E15D0405D6B2 /* WelcomeView.swift in Sources */,
			);
			runOnlyForDeploymentPostprocessing = 0;
		};
/* End PBXSourcesBuildPhase section */

/* Begin PBXTargetDependency section */
		4765615F2013AD0A5BFBF0ED /* PBXTargetDependency */ = {
			isa = PBXTargetDependency;
			target = 1FD59D79150B4CD00EEDF298 /* PulseWatch */;
			targetProxy = B5311D6DBF1143BE23F2A159 /* PBXContainerItemProxy */;
		};
		49E069377BD2639EE7133139 /* PBXTargetDependency */ = {
			isa = PBXTargetDependency;
			target = BF89A5F8D54D18A7B041A357 /* PulseWatchWidgets */;
			targetProxy = 3F7687E2638334DDDA4F9FD9 /* PBXContainerItemProxy */;
		};
/* End PBXTargetDependency section */

/* Begin XCBuildConfiguration section */
		1307602CABC3521F8B1E15B3 /* Release */ = {
			isa = XCBuildConfiguration;
			buildSettings = {
				ASSETCATALOG_COMPILER_APPICON_NAME = AppIcon;
				CODE_SIGN_ENTITLEMENTS = PulseWatch/Resources/PulseWatch.entitlements;
				INFOPLIST_FILE = PulseWatch/Resources/Info.plist;
				INFOPLIST_KEY_WKCompanionAppBundleIdentifier = com.joelroy.pulse;
				PRODUCT_BUNDLE_IDENTIFIER = com.joelroy.pulse.watchkitapp;
				SDKROOT = watchos;
				SKIP_INSTALL = YES;
				TARGETED_DEVICE_FAMILY = 4;
			};
			name = Release;
		};
		2E7048B1817FBF01C246A8F3 /* Release */ = {
			isa = XCBuildConfiguration;
			baseConfigurationReference = 849515D6521FB9971926BCA3 /* Release.xcconfig */;
			buildSettings = {
				ALWAYS_SEARCH_USER_PATHS = NO;
				CLANG_ANALYZER_NONNULL = YES;
				CLANG_ANALYZER_NUMBER_OBJECT_CONVERSION = YES_AGGRESSIVE;
				CLANG_CXX_LANGUAGE_STANDARD = "gnu++14";
				CLANG_CXX_LIBRARY = "libc++";
				CLANG_ENABLE_MODULES = YES;
				CLANG_ENABLE_OBJC_ARC = YES;
				CLANG_ENABLE_OBJC_WEAK = YES;
				CLANG_WARN_BLOCK_CAPTURE_AUTORELEASING = YES;
				CLANG_WARN_BOOL_CONVERSION = YES;
				CLANG_WARN_COMMA = YES;
				CLANG_WARN_CONSTANT_CONVERSION = YES;
				CLANG_WARN_DEPRECATED_OBJC_IMPLEMENTATIONS = YES;
				CLANG_WARN_DIRECT_OBJC_ISA_USAGE = YES_ERROR;
				CLANG_WARN_DOCUMENTATION_COMMENTS = YES;
				CLANG_WARN_EMPTY_BODY = YES;
				CLANG_WARN_ENUM_CONVERSION = YES;
				CLANG_WARN_INFINITE_RECURSION = YES;
				CLANG_WARN_INT_CONVERSION = YES;
				CLANG_WARN_NON_LITERAL_NULL_CONVERSION = YES;
				CLANG_WARN_OBJC_IMPLICIT_RETAIN_SELF = YES;
				CLANG_WARN_OBJC_LITERAL_CONVERSION = YES;
				CLANG_WARN_OBJC_ROOT_CLASS = YES_ERROR;
				CLANG_WARN_QUOTED_INCLUDE_IN_FRAMEWORK_HEADER = YES;
				CLANG_WARN_RANGE_LOOP_ANALYSIS = YES;
				CLANG_WARN_STRICT_PROTOTYPES = YES;
				CLANG_WARN_SUSPICIOUS_MOVE = YES;
				CLANG_WARN_UNGUARDED_AVAILABILITY = YES_AGGRESSIVE;
				CLANG_WARN_UNREACHABLE_CODE = YES;
				CLANG_WARN__DUPLICATE_METHOD_MATCH = YES;
				CODE_SIGN_IDENTITY = "Apple Development";
				CODE_SIGN_STYLE = Automatic;
				COPY_PHASE_STRIP = NO;
				CURRENT_PROJECT_VERSION = 1;
				DEBUG_INFORMATION_FORMAT = "dwarf-with-dsym";
				DEVELOPMENT_TEAM = APQT8U28NL;
				ENABLE_NS_ASSERTIONS = NO;
				ENABLE_STRICT_OBJC_MSGSEND = YES;
				GCC_C_LANGUAGE_STANDARD = gnu11;
				GCC_NO_COMMON_BLOCKS = YES;
				GCC_WARN_64_TO_32_BIT_CONVERSION = YES;
				GCC_WARN_ABOUT_RETURN_TYPE = YES_ERROR;
				GCC_WARN_UNDECLARED_SELECTOR = YES;
				GCC_WARN_UNINITIALIZED_AUTOS = YES_AGGRESSIVE;
				GCC_WARN_UNUSED_FUNCTION = YES;
				GCC_WARN_UNUSED_VARIABLE = YES;
				IPHONEOS_DEPLOYMENT_TARGET = 17.0;
				MARKETING_VERSION = 1.0;
				MTL_ENABLE_DEBUG_INFO = NO;
				MTL_FAST_MATH = YES;
				PRODUCT_NAME = "$(TARGET_NAME)";
				SWIFT_COMPILATION_MODE = wholemodule;
				SWIFT_OPTIMIZATION_LEVEL = "-O";
				SWIFT_VERSION = 5.0;
				WATCHOS_DEPLOYMENT_TARGET = 10.0;
			};
			name = Release;
		};
		3A4DD79F9F4C2FD1331A3460 /* Debug */ = {
			isa = XCBuildConfiguration;
			buildSettings = {
				ASSETCATALOG_COMPILER_APPICON_NAME = AppIcon;
				CODE_SIGN_ENTITLEMENTS = PulseWatch/Resources/PulseWatch.entitlements;
				INFOPLIST_FILE = PulseWatch/Resources/Info.plist;
				INFOPLIST_KEY_WKCompanionAppBundleIdentifier = com.joelroy.pulse;
				PRODUCT_BUNDLE_IDENTIFIER = com.joelroy.pulse.watchkitapp;
				SDKROOT = watchos;
				SKIP_INSTALL = YES;
				TARGETED_DEVICE_FAMILY = 4;
			};
			name = Debug;
		};
		73B9139027467A697C87B6AC /* Release */ = {
			isa = XCBuildConfiguration;
			buildSettings = {
				CODE_SIGN_ENTITLEMENTS = PulseWatchWidgets/Resources/PulseWatchWidgets.entitlements;
				INFOPLIST_FILE = PulseWatchWidgets/Resources/Info.plist;
				LD_RUNPATH_SEARCH_PATHS = (
					"$(inherited)",
					"@executable_path/Frameworks",
					"@executable_path/../../Frameworks",
				);
				PRODUCT_BUNDLE_IDENTIFIER = com.joelroy.pulse.watchkitapp.widgets;
				SDKROOT = watchos;
				SKIP_INSTALL = YES;
				TARGETED_DEVICE_FAMILY = 4;
			};
			name = Release;
		};
		78CFDB6D85EA0A925D164718 /* Debug */ = {
			isa = XCBuildConfiguration;
			buildSettings = {
				ASSETCATALOG_COMPILER_APPICON_NAME = AppIcon;
				CODE_SIGN_ENTITLEMENTS = Pulse/Resources/Pulse.entitlements;
				CODE_SIGN_IDENTITY = "iPhone Developer";
				INFOPLIST_FILE = Pulse/Resources/Info.plist;
				LD_RUNPATH_SEARCH_PATHS = (
					"$(inherited)",
					"@executable_path/Frameworks",
				);
				PRODUCT_BUNDLE_IDENTIFIER = com.joelroy.pulse;
				SDKROOT = iphoneos;
				TARGETED_DEVICE_FAMILY = "1,2";
			};
			name = Debug;
		};
		A1E9B898FA158FD175DE35FE /* Debug */ = {
			isa = XCBuildConfiguration;
			buildSettings = {
				CODE_SIGN_ENTITLEMENTS = PulseWatchWidgets/Resources/PulseWatchWidgets.entitlements;
				INFOPLIST_FILE = PulseWatchWidgets/Resources/Info.plist;
				LD_RUNPATH_SEARCH_PATHS = (
					"$(inherited)",
					"@executable_path/Frameworks",
					"@executable_path/../../Frameworks",
				);
				PRODUCT_BUNDLE_IDENTIFIER = com.joelroy.pulse.watchkitapp.widgets;
				SDKROOT = watchos;
				SKIP_INSTALL = YES;
				TARGETED_DEVICE_FAMILY = 4;
			};
			name = Debug;
		};
		DF81B04A566426AD422B92B3 /* Release */ = {
			isa = XCBuildConfiguration;
			buildSettings = {
				ASSETCATALOG_COMPILER_APPICON_NAME = AppIcon;
				CODE_SIGN_ENTITLEMENTS = Pulse/Resources/Pulse.entitlements;
				CODE_SIGN_IDENTITY = "iPhone Developer";
				INFOPLIST_FILE = Pulse/Resources/Info.plist;
				LD_RUNPATH_SEARCH_PATHS = (
					"$(inherited)",
					"@executable_path/Frameworks",
				);
				PRODUCT_BUNDLE_IDENTIFIER = com.joelroy.pulse;
				SDKROOT = iphoneos;
				TARGETED_DEVICE_FAMILY = "1,2";
			};
			name = Release;
		};
		FA223E74BBF86702C72CD3A8 /* Debug */ = {
			isa = XCBuildConfiguration;
			baseConfigurationReference = B3941E64DF15AE175EA3A9CC /* Debug.xcconfig */;
			buildSettings = {
				ALWAYS_SEARCH_USER_PATHS = NO;
				CLANG_ANALYZER_NONNULL = YES;
				CLANG_ANALYZER_NUMBER_OBJECT_CONVERSION = YES_AGGRESSIVE;
				CLANG_CXX_LANGUAGE_STANDARD = "gnu++14";
				CLANG_CXX_LIBRARY = "libc++";
				CLANG_ENABLE_MODULES = YES;
				CLANG_ENABLE_OBJC_ARC = YES;
				CLANG_ENABLE_OBJC_WEAK = YES;
				CLANG_WARN_BLOCK_CAPTURE_AUTORELEASING = YES;
				CLANG_WARN_BOOL_CONVERSION = YES;
				CLANG_WARN_COMMA = YES;
				CLANG_WARN_CONSTANT_CONVERSION = YES;
				CLANG_WARN_DEPRECATED_OBJC_IMPLEMENTATIONS = YES;
				CLANG_WARN_DIRECT_OBJC_ISA_USAGE = YES_ERROR;
				CLANG_WARN_DOCUMENTATION_COMMENTS = YES;
				CLANG_WARN_EMPTY_BODY = YES;
				CLANG_WARN_ENUM_CONVERSION = YES;
				CLANG_WARN_INFINITE_RECURSION = YES;
				CLANG_WARN_INT_CONVERSION = YES;
				CLANG_WARN_NON_LITERAL_NULL_CONVERSION = YES;
				CLANG_WARN_OBJC_IMPLICIT_RETAIN_SELF = YES;
				CLANG_WARN_OBJC_LITERAL_CONVERSION = YES;
				CLANG_WARN_OBJC_ROOT_CLASS = YES_ERROR;
				CLANG_WARN_QUOTED_INCLUDE_IN_FRAMEWORK_HEADER = YES;
				CLANG_WARN_RANGE_LOOP_ANALYSIS = YES;
				CLANG_WARN_STRICT_PROTOTYPES = YES;
				CLANG_WARN_SUSPICIOUS_MOVE = YES;
				CLANG_WARN_UNGUARDED_AVAILABILITY = YES_AGGRESSIVE;
				CLANG_WARN_UNREACHABLE_CODE = YES;
				CLANG_WARN__DUPLICATE_METHOD_MATCH = YES;
				CODE_SIGN_IDENTITY = "Apple Development";
				CODE_SIGN_STYLE = Automatic;
				COPY_PHASE_STRIP = NO;
				CURRENT_PROJECT_VERSION = 1;
				DEBUG_INFORMATION_FORMAT = dwarf;
				DEVELOPMENT_TEAM = APQT8U28NL;
				ENABLE_STRICT_OBJC_MSGSEND = YES;
				ENABLE_TESTABILITY = YES;
				GCC_C_LANGUAGE_STANDARD = gnu11;
				GCC_DYNAMIC_NO_PIC = NO;
				GCC_NO_COMMON_BLOCKS = YES;
				GCC_OPTIMIZATION_LEVEL = 0;
				GCC_PREPROCESSOR_DEFINITIONS = (
					"$(inherited)",
					"DEBUG=1",
				);
				GCC_WARN_64_TO_32_BIT_CONVERSION = YES;
				GCC_WARN_ABOUT_RETURN_TYPE = YES_ERROR;
				GCC_WARN_UNDECLARED_SELECTOR = YES;
				GCC_WARN_UNINITIALIZED_AUTOS = YES_AGGRESSIVE;
				GCC_WARN_UNUSED_FUNCTION = YES;
				GCC_WARN_UNUSED_VARIABLE = YES;
				IPHONEOS_DEPLOYMENT_TARGET = 17.0;
				MARKETING_VERSION = 1.0;
				MTL_ENABLE_DEBUG_INFO = INCLUDE_SOURCE;
				MTL_FAST_MATH = YES;
				ONLY_ACTIVE_ARCH = YES;
				PRODUCT_NAME = "$(TARGET_NAME)";
				SWIFT_OPTIMIZATION_LEVEL = "-Onone";
				SWIFT_VERSION = 5.0;
				WATCHOS_DEPLOYMENT_TARGET = 10.0;
			};
			name = Debug;
		};
/* End XCBuildConfiguration section */

/* Begin XCConfigurationList section */
		467D577D30B4C86E3320AFA3 /* Build configuration list for PBXNativeTarget "PulseWatchWidgets" */ = {
			isa = XCConfigurationList;
			buildConfigurations = (
				A1E9B898FA158FD175DE35FE /* Debug */,
				73B9139027467A697C87B6AC /* Release */,
			);
			defaultConfigurationIsVisible = 0;
			defaultConfigurationName = Debug;
		};
		9608D96881FD5C17BB380FA0 /* Build configuration list for PBXNativeTarget "Pulse" */ = {
			isa = XCConfigurationList;
			buildConfigurations = (
				78CFDB6D85EA0A925D164718 /* Debug */,
				DF81B04A566426AD422B92B3 /* Release */,
			);
			defaultConfigurationIsVisible = 0;
			defaultConfigurationName = Debug;
		};
		AEADBFB0BC46A63478A94A51 /* Build configuration list for PBXProject "Pulse" */ = {
			isa = XCConfigurationList;
			buildConfigurations = (
				FA223E74BBF86702C72CD3A8 /* Debug */,
				2E7048B1817FBF01C246A8F3 /* Release */,
			);
			defaultConfigurationIsVisible = 0;
			defaultConfigurationName = Debug;
		};
		FD9785E53760A353FCF7DDA5 /* Build configuration list for PBXNativeTarget "PulseWatch" */ = {
			isa = XCConfigurationList;
			buildConfigurations = (
				3A4DD79F9F4C2FD1331A3460 /* Debug */,
				1307602CABC3521F8B1E15B3 /* Release */,
			);
			defaultConfigurationIsVisible = 0;
			defaultConfigurationName = Debug;
		};
/* End XCConfigurationList section */

/* Begin XCLocalSwiftPackageReference section */
		24AFC9B1EC36A94DEA8F5250 /* XCLocalSwiftPackageReference "PulseShared" */ = {
			isa = XCLocalSwiftPackageReference;
			relativePath = PulseShared;
		};
/* End XCLocalSwiftPackageReference section */

/* Begin XCSwiftPackageProductDependency section */
		6739340A4C8FE95D8C5694BE /* PulseShared */ = {
			isa = XCSwiftPackageProductDependency;
			productName = PulseShared;
		};
		A4B6B95425B67549673F84A3 /* PulseShared */ = {
			isa = XCSwiftPackageProductDependency;
			productName = PulseShared;
		};
		E589F9A8F747F1E94E85082E /* PulseShared */ = {
			isa = XCSwiftPackageProductDependency;
			productName = PulseShared;
		};
/* End XCSwiftPackageProductDependency section */
	};
	rootObject = 84FEC84833EC6BF77563A3F6 /* Project object */;
}
